version = 1
revision = 3
requires-python = "==3.13.*"

[[package]]
name = "anyio"
version = "4.12.1"
source = { registry = "https://pypi.org/simple" }
dependencies = [
    { name = "idna" },
]
sdist = { url = "https://files.pythonhosted.org/packages/96/f0/5eb65b2bb0d09ac6776f2eb54adee6abe8228ea05b20a5ad0e4945de8aac/anyio-4.12.1.tar.gz", hash = "sha256:41cfcc3a4c85d3f05c932da7c26d0201ac36f72abd4435ba90d0464a3ffed703", size = 228685, upload-time = "2026-01-06T11:45:21.246Z" }
wheels = [
    { url = "https://files.pythonhosted.org/packages/38/0e/27be9fdef66e72d64c0cdc3cc2823101b80585f8119b5c112c2e8f5f7dab/anyio-4.12.1-py3-none-any.whl", hash = "sha256:d405828884fc140aa80a3c667b8beed277f1dfedec42ba031bd6ac3db606ab6c", size = 113592, upload-time = "2026-01-06T11:45:19.497Z" },
]

[[package]]
name = "certifi"
version = "2026.1.4"
source = { registry = "https://pypi.org/simple" }
sdist = { url = "https://files.pythonhosted.org/packages/e0/2d/a891ca51311197f6ad14a7ef42e2399f36cf2f9bd44752b3dc4eab60fdc5/certifi-2026.1.4.tar.gz", hash = "sha256:ac726dd470482006e014ad384921ed6438c457018f4b3d204aea4281258b2120", size = 154268, upload-time = "2026-01-04T02:42:41.825Z" }
wheels = [
    { url = "https://files.pythonhosted.org/packages/e6/ad/3cc14f097111b4de0040c83a525973216457bbeeb63739ef1ed275c1c021/certifi-2026.1.4-py3-none-any.whl", hash = "sha256:9943707519e4add1115f44c2bc244f782c0249876bf51b6599fee1ffbedd685c", size = 152900, upload-time = "2026-01-04T02:42:40.15Z" },
]

[[package]]
name = "coj-maps-downloader"
version = "0.0.9"
source = { virtual = "." }
dependencies = [
    { name = "httpx" },
    { name = "pyside6" },
    { name = "qasync" },
]

[package.metadata]
requires-dist = [
    { name = "httpx", specifier = "~=0.28.1" },
    { name = "pyside6", specifier = "~=6.10.1" },
    { name = "qasync", specifier = "~=0.28.0" },
]

[[package]]
name = "h11"
version = "0.16.0"
source = { registry = "https://pypi.org/simple" }
sdist = { url = "https://files.pythonhosted.org/packages/01/ee/02a2c011bdab74c6fb3c75474d40b3052059d95df7e73351460c8588d963/h11-0.16.0.tar.gz", hash = "sha256:4e35b956cf45792e4caa5885e69fba00bdbc6ffafbfa020300e549b208ee5ff1", size = 101250, upload-time = "2025-04-24T03:35:25.427Z" }
wheels = [
    { url = "https://files.pythonhosted.org/packages/04/4b/29cac41a4d98d144bf5f6d33995617b185d14b22401f75ca86f384e87ff1/h11-0.16.0-py3-none-any.whl", hash = "sha256:63cf8bbe7522de3bf65932fda1d9c2772064ffb3dae62d55932da54b31cb6c86", size = 37515, upload-time = "2025-04-24T03:35:24.344Z" },
]

[[package]]
name = "httpcore"
version = "1.0.9"
source = { registry = "https://pypi.org/simple" }
dependencies = [
    { name = "certifi" },
    { name = "h11" },
]
sdist = { url = "https://files.pythonhosted.org/packages/06/94/82699a10bca87a5556c9c59b5963f2d039dbd239f25bc2a63907a05a14cb/httpcore-1.0.9.tar.gz", hash = "sha256:6e34463af53fd2ab5d807f399a9b45ea31c3dfa2276f15a2c3f00afff6e176e8", size = 85484, upload-time = "2025-04-24T22:06:22.219Z" }
wheels = [
    { url = "https://files.pythonhosted.org/packages/7e/f5/f66802a942d491edb555dd61e3a9961140fd64c90bce1eafd741609d334d/httpcore-1.0.9-py3-none-any.whl", hash = "sha256:2d400746a40668fc9dec9810239072b40b4484b640a8c38fd654a024c7a1bf55", size = 78784, upload-time = "2025-04-24T22:06:20.566Z" },
]

[[package]]
name = "httpx"
version = "0.28.1"
source = { registry = "https://pypi.org/simple" }
dependencies = [
    { name = "anyio" },
    { name = "certifi" },
    { name = "httpcore" },
    { name = "idna" },
]
sdist = { url = "https://files.pythonhosted.org/packages/b1/df/48c586a5fe32a0f01324ee087459e112ebb7224f646c0b5023f5e79e9956/httpx-0.28.1.tar.gz", hash = "sha256:75e98c5f16b0f35b567856f597f06ff2270a374470a5c2392242528e3e3e42fc", size = 141406, upload-time = "2024-12-06T15:37:23.222Z" }
wheels = [
    { url = "https://files.pythonhosted.org/packages/2a/39/e50c7c3a983047577ee07d2a9e53faf5a69493943ec3f6a384bdc792deb2/httpx-0.28.1-py3-none-any.whl", hash = "sha256:d909fcccc110f8c7faf814ca82a9a4d816bc5a6dbfea25d6591d6985b8ba59ad", size = 73517, upload-time = "2024-12-06T15:37:21.509Z" },
]

[[package]]
name = "idna"
version = "3.11"
source = { registry = "https://pypi.org/simple" }
sdist = { url = "https://files.pythonhosted.org/packages/6f/6d/0703ccc57f3a7233505399edb88de3cbd678da106337b9fcde432b65ed60/idna-3.11.tar.gz", hash = "sha256:795dafcc9c04ed0c1fb032c2aa73654d8e8c5023a7df64a53f39190ada629902", size = 194582, upload-time = "2025-10-12T14:55:20.501Z" }
wheels = [
    { url = "https://files.pythonhosted.org/packages/0e/61/66938bbb5fc52dbdf84594873d5b51fb1f7c7794e9c0f5bd885f30bc507b/idna-3.11-py3-none-any.whl", hash = "sha256:771a87f49d9defaf64091e6e6fe9c18d4833f140bd19464795bc32d966ca37ea", size = 71008, upload-time = "2025-10-12T14:55:18.883Z" },
]

[[package]]
name = "pyside6"
version = "6.10.1"
source = { registry = "https://pypi.org/simple" }
dependencies = [
    { name = "pyside6-addons" },
    { name = "pyside6-essentials" },
    { name = "shiboken6" },
]
wheels = [
    { url = "https://files.pythonhosted.org/packages/56/22/f82cfcd1158be502c5741fe67c3fa853f3c1edbd3ac2c2250769dd9722d1/pyside6-6.10.1-cp39-abi3-macosx_13_0_universal2.whl", hash = "sha256:d0e70dd0e126d01986f357c2a555722f9462cf8a942bf2ce180baf69f468e516", size = 558169, upload-time = "2025-11-20T10:09:08.79Z" },
    { url = "https://files.pythonhosted.org/packages/66/eb/54afe242a25d1c33b04ecd8321a549d9efb7b89eef7690eed92e98ba1dc9/pyside6-6.10.1-cp39-abi3-manylinux_2_34_x86_64.whl", hash = "sha256:4053bf51ba2c2cb20e1005edd469997976a02cec009f7c46356a0b65c137f1fa", size = 557818, upload-time = "2025-11-20T10:09:10.132Z" },
    { url = "https://files.pythonhosted.org/packages/4d/af/5706b1b33587dc2f3dfa3a5000424befba35e4f2d5889284eebbde37138b/pyside6-6.10.1-cp39-abi3-manylinux_2_39_aarch64.whl", hash = "sha256:7d3ca20a40139ca5324a7864f1d91cdf2ff237e11bd16354a42670f2a4eeb13c", size = 558358, upload-time = "2025-11-20T10:09:11.288Z" },
    { url = "https://files.pythonhosted.org/packages/26/41/3f48d724ecc8e42cea8a8442aa9b5a86d394b85093275990038fd1020039/pyside6-6.10.1-cp39-abi3-win_amd64.whl", hash = "sha256:9f89ff994f774420eaa38cec6422fddd5356611d8481774820befd6f3bb84c9e", size = 564424, upload-time = "2025-11-20T10:09:12.677Z" },
    { url = "https://files.pythonhosted.org/packages/af/30/395411473b433875a82f6b5fdd0cb28f19a0e345bcaac9fbc039400d7072/pyside6-6.10.1-cp39-abi3-win_arm64.whl", hash = "sha256:9c5c1d94387d1a32a6fae25348097918ef413b87dfa3767c46f737c6d48ae437", size = 548866, upload-time = "2025-11-20T10:09:14.174Z" },
]

[[package]]
name = "pyside6-addons"
version = "6.10.1"
source = { registry = "https://pypi.org/simple" }
dependencies = [
    { name = "pyside6-essentials" },
    { name = "shiboken6" },
]
wheels = [
    { url = "https://files.pythonhosted.org/packages/2d/f9/b72a2578d7dbef7741bb90b5756b4ef9c99a5b40148ea53ce7f048573fe9/pyside6_addons-6.10.1-cp39-abi3-macosx_13_0_universal2.whl", hash = "sha256:4d2b82bbf9b861134845803837011e5f9ac7d33661b216805273cf0c6d0f8e82", size = 322639446, upload-time = "2025-11-20T09:54:50.75Z" },
    { url = "https://files.pythonhosted.org/packages/94/3b/3ed951c570a15570706a89d39bfd4eaaffdf16d5c2dca17e82fc3ec8aaa6/pyside6_addons-6.10.1-cp39-abi3-manylinux_2_34_x86_64.whl", hash = "sha256:330c229b58d30083a7b99ed22e118eb4f4126408429816a4044ccd0438ae81b4", size = 170678293, upload-time = "2025-11-20T09:56:40.991Z" },
    { url = "https://files.pythonhosted.org/packages/22/77/4c780b204d0bf3323a75c184e349d063e208db44c993f1214aa4745d6f47/pyside6_addons-6.10.1-cp39-abi3-manylinux_2_39_aarch64.whl", hash = "sha256:56864b5fecd6924187a2d0f7e98d968ed72b6cc267caa5b294cd7e88fff4e54c", size = 166365011, upload-time = "2025-11-20T09:57:20.261Z" },
    { url = "https://files.pythonhosted.org/packages/04/14/58239776499e6b279fa6ca2e0d47209531454b99f6bd2ad7c96f11109416/pyside6_addons-6.10.1-cp39-abi3-win_amd64.whl", hash = "sha256:b6e249d15407dd33d6a2ffabd9dc6d7a8ab8c95d05f16a71dad4d07781c76341", size = 164864664, upload-time = "2025-11-20T09:57:54.815Z" },
    { url = "https://files.pythonhosted.org/packages/e2/cd/1b74108671ba4b1ebb2661330665c4898b089e9c87f7ba69fe2438f3d1b6/pyside6_addons-6.10.1-cp39-abi3-win_arm64.whl", hash = "sha256:0de303c0447326cdc6c8be5ab066ef581e2d0baf22560c9362d41b8304fdf2db", size = 34191225, upload-time = "2025-11-20T09:58:04.184Z" },
]

[[package]]
name = "pyside6-essentials"
version = "6.10.1"
source = { registry = "https://pypi.org/simple" }
dependencies = [
    { name = "shiboken6" },
]
wheels = [
    { url = "https://files.pythonhosted.org/packages/04/b0/c43209fecef79912e9b1c70a1b5172b1edf76caebcc885c58c60a09613b0/pyside6_essentials-6.10.1-cp39-abi3-macosx_13_0_universal2.whl", hash = "sha256:cd224aff3bb26ff1fca32c050e1c4d0bd9f951a96219d40d5f3d0128485b0bbe", size = 105461499, upload-time = "2025-11-20T09:59:23.733Z" },
    { url = "https://files.pythonhosted.org/packages/5f/8e/b69ba7fa0c701f3f4136b50460441697ec49ee6ea35c229eb2a5ee4b5952/pyside6_essentials-6.10.1-cp39-abi3-manylinux_2_34_x86_64.whl", hash = "sha256:e9ccbfb58c03911a0bce1f2198605b02d4b5ca6276bfc0cbcf7c6f6393ffb856", size = 76764617, upload-time = "2025-11-20T09:59:38.831Z" },
    { url = "https://files.pythonhosted.org/packages/bd/83/569d27f4b6c6b9377150fe1a3745d64d02614021bea233636bc936a23423/pyside6_essentials-6.10.1-cp39-abi3-manylinux_2_39_aarch64.whl", hash = "sha256:ec8617c9b143b0c19ba1cc5a7e98c538e4143795480cb152aee47802c18dc5d2", size = 75850373, upload-time = "2025-11-20T09:59:56.082Z" },
    { url = "https://files.pythonhosted.org/packages/1e/64/a8df6333de8ccbf3a320e1346ca30d0f314840aff5e3db9b4b66bf38e26c/pyside6_essentials-6.10.1-cp39-abi3-win_amd64.whl", hash = "sha256:9555a48e8f0acf63fc6a23c250808db841b28a66ed6ad89ee0e4df7628752674", size = 74491180, upload-time = "2025-11-20T10:00:11.215Z" },
    { url = "https://files.pythonhosted.org/packages/67/da/65cc6c6a870d4ea908c59b2f0f9e2cf3bfc6c0710ebf278ed72f69865e4e/pyside6_essentials-6.10.1-cp39-abi3-win_arm64.whl", hash = "sha256:4d1d248644f1778f8ddae5da714ca0f5a150a5e6f602af2765a7d21b876da05c", size = 55190458, upload-time = "2025-11-20T10:00:26.226Z" },
]

[[package]]
name = "qasync"
version = "0.28.0"
source = { registry = "https://pypi.org/simple" }
sdist = { url = "https://files.pythonhosted.org/packages/ec/b2/5be08597dbbf331edb69478eae2f8dd511834cebf56a183b442e7437f8e0/qasync-0.28.0.tar.gz", hash = "sha256:6f7f1f18971f59cb259b107218269ba56e3ad475ec456e54714b426a6e30b71d", size = 14010, upload-time = "2025-08-28T01:31:36.785Z" }
wheels = [
    { url = "https://files.pythonhosted.org/packages/e5/84/0ce4cd946f6e958428c87d5accac35df70f81607e45ba4919947d0762d63/qasync-0.28.0-py3-none-any.whl", hash = "sha256:21faba8d047c717008378f5ac29ea58c32a8128528629e4afd57c59b768dba0f", size = 16188, upload-time = "2025-08-28T01:31:35.591Z" },
]

[[package]]
name = "shiboken6"
version = "6.10.1"
source = { registry = "https://pypi.org/simple" }
wheels = [
    { url = "https://files.pythonhosted.org/packages/6f/8b/e5db743d505ceea3efc4cd9634a3bee22a3e2bf6e07cefd28c9b9edabcc6/shiboken6-6.10.1-cp39-abi3-macosx_13_0_universal2.whl", hash = "sha256:9f2990f5b61b0b68ecadcd896ab4441f2cb097eef7797ecc40584107d9850d71", size = 478483, upload-time = "2025-11-20T10:08:52.411Z" },
    { url = "https://files.pythonhosted.org/packages/56/ba/b50c1a44b3c4643f482afbf1a0ea58f393827307100389ce29404f9ad3b0/shiboken6-6.10.1-cp39-abi3-manylinux_2_34_x86_64.whl", hash = "sha256:f4221a52dfb81f24a0d20cc4f8981cb6edd810d5a9fb28287ce10d342573a0e4", size = 271993, upload-time = "2025-11-20T10:08:54.093Z" },
    { url = "https://files.pythonhosted.org/packages/16/b8/939c24ebd662b0aa5c945443d0973145b3fb7079f0196274ef7bb4b98f73/shiboken6-6.10.1-cp39-abi3-manylinux_2_39_aarch64.whl", hash = "sha256:c095b00f4d6bf578c0b2464bb4e264b351a99345374478570f69e2e679a2a1d0", size = 268691, upload-time = "2025-11-20T10:08:55.639Z" },
    { url = "https://files.pythonhosted.org/packages/cf/a6/8c65ee0fa5e172ebcca03246b1bc3bd96cdaf1d60537316648536b7072a5/shiboken6-6.10.1-cp39-abi3-win_amd64.whl", hash = "sha256:c1601d3cda1fa32779b141663873741b54e797cb0328458d7466281f117b0a4e", size = 1234704, upload-time = "2025-11-20T10:08:57.417Z" },
    { url = "https://files.pythonhosted.org/packages/7b/6a/c0fea2f2ac7d9d96618c98156500683a4d1f93fea0e8c5a2bc39913d7ef1/shiboken6-6.10.1-cp39-abi3-win_arm64.whl", hash = "sha256:5cf800917008587b551005a45add2d485cca66f5f7ecd5b320e9954e40448cc9", size = 1795567, upload-time = "2025-11-20T10:08:59.184Z" },
]
